
Microsoft Visual Studio Solution File, Format Version 12.00
# Visual Studio Version 16
VisualStudioVersion = 16.0.30717.126
MinimumVisualStudioVersion = 10.0.40219.1
Project("{FAE04EC0-301F-11D3-BF4B-00C04F79EFBC}") = "change-vscsproj-gh", "change-vscsproj-gh.csproj", "{768F8276-E804-46F0-B0FD-5436DA74FE44}"
EndProject
Global
	GlobalSection(SolutionConfigurationPlatforms) = preSolution
		Debug|Any CPU = Debug|Any CPU
		Release|Any CPU = Release|Any CPU
	EndGlobalSection
	GlobalSection(ProjectConfigurationPlatforms) = postSolution
		{768F8276-E804-46F0-B0FD-5436DA74FE44}.Debug|Any CPU.ActiveCfg = Debug|Any CPU
		{768F8276-E804-46F0-B0FD-5436DA74FE44}.Debug|Any CPU.Build.0 = Debug|Any CPU
		{768F8276-E804-46F0-B0FD-5436DA74FE44}.Release|Any CPU.ActiveCfg = Release|Any CPU
		{768F8276-E804-46F0-B0FD-5436DA74FE44}.Release|Any CPU.Build.0 = Release|Any CPU
	EndGlobalSection
	GlobalSection(SolutionProperties) = preSolution
		HideSolutionNode = FALSE
	EndGlobalSection
	GlobalSection(ExtensibilityGlobals) = postSolution
		SolutionGuid = {3DDD479F-B498-4B83-930A-0FA31CE3713F}
	EndGlobalSection
EndGlobal
